
Microsoft Visual Studio Solution File, Format Version 12.00
# Visual Studio Version 16
VisualStudioVersion = 16.0.30503.244
MinimumVisualStudioVersion = 10.0.40219.1
Project("{FAE04EC0-301F-11D3-BF4B-00C04F79EFBC}") = "AS", "AS\AS.csproj", "{B67736C9-8658-43D1-B140-8AB7EF2E2847}"
EndProject
Global
	GlobalSection(SolutionConfigurationPlatforms) = preSolution
		Debug|Any CPU = Debug|Any CPU
		Release|Any CPU = Release|Any CPU
	EndGlobalSection
	GlobalSection(ProjectConfigurationPlatforms) = postSolution
		{B67736C9-8658-43D1-B140-8AB7EF2E2847}.Debug|Any CPU.ActiveCfg = Debug|Any CPU
		{B67736C9-8658-43D1-B140-8AB7EF2E2847}.Debug|Any CPU.Build.0 = Debug|Any CPU
		{B67736C9-8658-43D1-B140-8AB7EF2E2847}.Release|Any CPU.ActiveCfg = Release|Any CPU
		{B67736C9-8658-43D1-B140-8AB7EF2E2847}.Release|Any CPU.Build.0 = Release|Any CPU
	EndGlobalSection
	GlobalSection(SolutionProperties) = preSolution
		HideSolutionNode = FALSE
	EndGlobalSection
	GlobalSection(ExtensibilityGlobals) = postSolution
		SolutionGuid = {5720BF37-2D47-4DEB-BE0C-7BBA1002CDDC}
	EndGlobalSection
EndGlobal
